
Microsoft Visual Studio Solution File, Format Version 12.00
# Visual Studio Version 17
VisualStudioVersion = 17.8.34525.116
MinimumVisualStudioVersion = 10.0.40219.1
Project("{9A19103F-16F7-4668-BE54-9A1E7A4F7556}") = "Practice2", "Practice2.csproj", "{ED027C4C-6773-4981-BEDA-D409C188AA97}"
EndProject
Global
	GlobalSection(SolutionConfigurationPlatforms) = preSolution
		Debug|Any CPU = Debug|Any CPU
		Release|Any CPU = Release|Any CPU
	EndGlobalSection
	GlobalSection(ProjectConfigurationPlatforms) = postSolution
		{ED027C4C-6773-4981-BEDA-D409C188AA97}.Debug|Any CPU.ActiveCfg = Debug|Any CPU
		{ED027C4C-6773-4981-BEDA-D409C188AA97}.Debug|Any CPU.Build.0 = Debug|Any CPU
		{ED027C4C-6773-4981-BEDA-D409C188AA97}.Release|Any CPU.ActiveCfg = Release|Any CPU
		{ED027C4C-6773-4981-BEDA-D409C188AA97}.Release|Any CPU.Build.0 = Release|Any CPU
	EndGlobalSection
	GlobalSection(SolutionProperties) = preSolution
		HideSolutionNode = FALSE
	EndGlobalSection
	GlobalSection(ExtensibilityGlobals) = postSolution
		SolutionGuid = {99BA59C1-579F-4AB7-93A8-826AA3D28735}
	EndGlobalSection
EndGlobal
